{
  "object": {
    "pins": [
      {
        "package": "Socket",
        "repositoryURL": "https://github.com/Kitura/BlueSocket.git",
        "state": {
          "branch": null,
          "revision": "dd924c3bc2c1c144c42b8dda3896f1a03115ded4",
          "version": "2.0.2"
        }
      },
      {
        "package": "SSLService",
        "repositoryURL": "https://github.com/Kitura/BlueSSLService.git",
        "state": {
          "branch": null,
          "revision": "c249988fb748749739144e7f554710552acdc0bd",
          "version": "2.0.1"
        }
      },
      {
        "package": "Kitura-net",
        "repositoryURL": "https://github.com/Kitura/Kitura-net",
        "state": {
          "branch": null,
          "revision": "645f09e6c6ca7f399a9625e25686e8152e21bee4",
          "version": "3.0.1"
        }
      },
      {
        "package": "LoggerAPI",
        "repositoryURL": "https://github.com/Kitura/LoggerAPI.git",
        "state": {
          "branch": null,
          "revision": "4e6b45e850ffa275e8e26a24c6454fd709d5b6ac",
          "version": "2.0.0"
        }
      },
      {
        "package": "swift-argument-parser",
        "repositoryURL": "https://github.com/apple/swift-argument-parser",
        "state": {
          "branch": null,
          "revision": "6b2aa2748a7881eebb9f84fb10c01293e15b52ca",
          "version": "0.5.0"
        }
      },
      {
        "package": "swift-log",
        "repositoryURL": "https://github.com/apple/swift-log.git",
        "state": {
          "branch": null,
          "revision": "5d66f7ba25daf4f94100e7022febf3c75e37a6c7",
          "version": "1.4.2"
        }
      }
    ]
  },
  "version": 1
}
