// !$*UTF8*$!
{
	archiveVersion = 1;
	classes = {
	};
	objectVersion = 52;
	objects = {

/* Begin PBXBuildFile section */
		36403FA22716077900FED773 /* AppDelegate.swift in Sources */ = {isa = PBXBuildFile; fileRef = 36403FA12716077900FED773 /* AppDelegate.swift */; };
		36403FA42716077900FED773 /* SceneDelegate.swift in Sources */ = {isa = PBXBuildFile; fileRef = 36403FA32716077900FED773 /* SceneDelegate.swift */; };
		36403FA62716077900FED773 /* ViewController.swift in Sources */ = {isa = PBXBuildFile; fileRef = 36403FA52716077900FED773 /* ViewController.swift */; };
		36403FA92716077900FED773 /* Main.storyboard in Resources */ = {isa = PBXBuildFile; fileRef = 36403FA72716077900FED773 /* Main.storyboard */; };
		36403FAB2716077A00FED773 /* Assets.xcassets in Resources */ = {isa = PBXBuildFile; fileRef = 36403FAA2716077A00FED773 /* Assets.xcassets */; };
		36403FAE2716077A00FED773 /* LaunchScreen.storyboard in Resources */ = {isa = PBXBuildFile; fileRef = 36403FAC2716077A00FED773 /* LaunchScreen.storyboard */; };
		3678662527161AEA0043B0BA /* Chain.swift in Sources */ = {isa = PBXBuildFile; fileRef = 3678662427161AEA0043B0BA /* Chain.swift */; };
		367866272716245D0043B0BA /* Blockchain.swift in Sources */ = {isa = PBXBuildFile; fileRef = 367866262716245D0043B0BA /* Blockchain.swift */; };
		36A66B65271776BD00BA118E /* KituraNet in Frameworks */ = {isa = PBXBuildFile; productRef = 36A66B64271776BD00BA118E /* KituraNet */; };
/* End PBXBuildFile section */

/* Begin PBXFileReference section */
		36403F9E2716077900FED773 /* Blockchain.app */ = {isa = PBXFileReference; explicitFileType = wrapper.application; includeInIndex = 0; path = Blockchain.app; sourceTree = BUILT_PRODUCTS_DIR; };
		36403FA12716077900FED773 /* AppDelegate.swift */ = {isa = PBXFileReference; lastKnownFileType = sourcecode.swift; path = AppDelegate.swift; sourceTree = "<group>"; };
		36403FA32716077900FED773 /* SceneDelegate.swift */ = {isa = PBXFileReference; lastKnownFileType = sourcecode.swift; path = SceneDelegate.swift; sourceTree = "<group>"; };
		36403FA52716077900FED773 /* ViewController.swift */ = {isa = PBXFileReference; lastKnownFileType = sourcecode.swift; path = ViewController.swift; sourceTree = "<group>"; };
		36403FA82716077900FED773 /* Base */ = {isa = PBXFileReference; lastKnownFileType = file.storyboard; name = Base; path = Base.lproj/Main.storyboard; sourceTree = "<group>"; };
		36403FAA2716077A00FED773 /* Assets.xcassets */ = {isa = PBXFileReference; lastKnownFileType = folder.assetcatalog; path = Assets.xcassets; sourceTree = "<group>"; };
		36403FAD2716077A00FED773 /* Base */ = {isa = PBXFileReference; lastKnownFileType = file.storyboard; name = Base; path = Base.lproj/LaunchScreen.storyboard; sourceTree = "<group>"; };
		36403FAF2716077A00FED773 /* Info.plist */ = {isa = PBXFileReference; lastKnownFileType = text.plist.xml; path = Info.plist; sourceTree = "<group>"; };
		3678662427161AEA0043B0BA /* Chain.swift */ = {isa = PBXFileReference; lastKnownFileType = sourcecode.swift; path = Chain.swift; sourceTree = "<group>"; };
		367866262716245D0043B0BA /* Blockchain.swift */ = {isa = PBXFileReference; lastKnownFileType = sourcecode.swift; path = Blockchain.swift; sourceTree = "<group>"; };
/* End PBXFileReference section */

/* Begin PBXFrameworksBuildPhase section */
		36403F9B2716077900FED773 /* Frameworks */ = {
			isa = PBXFrameworksBuildPhase;
			buildActionMask = 2147483647;
			files = (
				36A66B65271776BD00BA118E /* KituraNet in Frameworks */,
			);
			runOnlyForDeploymentPostprocessing = 0;
		};
/* End PBXFrameworksBuildPhase section */

/* Begin PBXGroup section */
		07F9CA5098F5535B21358C91 /* Pods */ = {
			isa = PBXGroup;
			children = (
			);
			path = Pods;
			sourceTree = "<group>";
		};
		36403F952716077900FED773 = {
			isa = PBXGroup;
			children = (
				36403FA02716077900FED773 /* Blockchain */,
				36403F9F2716077900FED773 /* Products */,
				07F9CA5098F5535B21358C91 /* Pods */,
			);
			sourceTree = "<group>";
		};
		36403F9F2716077900FED773 /* Products */ = {
			isa = PBXGroup;
			children = (
				36403F9E2716077900FED773 /* Blockchain.app */,
			);
			name = Products;
			sourceTree = "<group>";
		};
		36403FA02716077900FED773 /* Blockchain */ = {
			isa = PBXGroup;
			children = (
				36403FA12716077900FED773 /* AppDelegate.swift */,
				36403FA32716077900FED773 /* SceneDelegate.swift */,
				36403FA52716077900FED773 /* ViewController.swift */,
				36403FA72716077900FED773 /* Main.storyboard */,
				36403FAA2716077A00FED773 /* Assets.xcassets */,
				36403FAC2716077A00FED773 /* LaunchScreen.storyboard */,
				36403FAF2716077A00FED773 /* Info.plist */,
				3678662427161AEA0043B0BA /* Chain.swift */,
				367866262716245D0043B0BA /* Blockchain.swift */,
			);
			path = Blockchain;
			sourceTree = "<group>";
		};
/* End PBXGroup section */

/* Begin PBXNativeTarget section */
		36403F9D2716077900FED773 /* Blockchain */ = {
			isa = PBXNativeTarget;
			buildConfigurationList = 36403FB22716077A00FED773 /* Build configuration list for PBXNativeTarget "Blockchain" */;
			buildPhases = (
				36403F9A2716077900FED773 /* Sources */,
				36403F9B2716077900FED773 /* Frameworks */,
				36403F9C2716077900FED773 /* Resources */,
			);
			buildRules = (
			);
			dependencies = (
			);
			name = Blockchain;
			packageProductDependencies = (
				36A66B64271776BD00BA118E /* KituraNet */,
			);
			productName = Blockchain;
			productReference = 36403F9E2716077900FED773 /* Blockchain.app */;
			productType = "com.apple.product-type.application";
		};
/* End PBXNativeTarget section */

/* Begin PBXProject section */
		36403F962716077900FED773 /* Project object */ = {
			isa = PBXProject;
			attributes = {
				LastSwiftUpdateCheck = 1250;
				LastUpgradeCheck = 1250;
				TargetAttributes = {
					36403F9D2716077900FED773 = {
						CreatedOnToolsVersion = 12.5.1;
					};
				};
			};
			buildConfigurationList = 36403F992716077900FED773 /* Build configuration list for PBXProject "Blockchain" */;
			compatibilityVersion = "Xcode 9.3";
			developmentRegion = en;
			hasScannedForEncodings = 0;
			knownRegions = (
				en,
				Base,
			);
			mainGroup = 36403F952716077900FED773;
			packageReferences = (
				36A66B63271776BD00BA118E /* XCRemoteSwiftPackageReference "Kitura-net" */,
			);
			productRefGroup = 36403F9F2716077900FED773 /* Products */;
			projectDirPath = "";
			projectRoot = "";
			targets = (
				36403F9D2716077900FED773 /* Blockchain */,
			);
		};
/* End PBXProject section */

/* Begin PBXResourcesBuildPhase section */
		36403F9C2716077900FED773 /* Resources */ = {
			isa = PBXResourcesBuildPhase;
			buildActionMask = 2147483647;
			files = (
				36403FAE2716077A00FED773 /* LaunchScreen.storyboard in Resources */,
				36403FAB2716077A00FED773 /* Assets.xcassets in Resources */,
				36403FA92716077900FED773 /* Main.storyboard in Resources */,
			);
			runOnlyForDeploymentPostprocessing = 0;
		};
/* End PBXResourcesBuildPhase section */

/* Begin PBXSourcesBuildPhase section */
		36403F9A2716077900FED773 /* Sources */ = {
			isa = PBXSourcesBuildPhase;
			buildActionMask = 2147483647;
			files = (
				36403FA62716077900FED773 /* ViewController.swift in Sources */,
				36403FA22716077900FED773 /* AppDelegate.swift in Sources */,
				36403FA42716077900FED773 /* SceneDelegate.swift in Sources */,
				367866272716245D0043B0BA /* Blockchain.swift in Sources */,
				3678662527161AEA0043B0BA /* Chain.swift in Sources */,
			);
			runOnlyForDeploymentPostprocessing = 0;
		};
/* End PBXSourcesBuildPhase section */

/* Begin PBXVariantGroup section */
		36403FA72716077900FED773 /* Main.storyboard */ = {
			isa = PBXVariantGroup;
			children = (
				36403FA82716077900FED773 /* Base */,
			);
			name = Main.storyboard;
			sourceTree = "<group>";
		};
		36403FAC2716077A00FED773 /* LaunchScreen.storyboard */ = {
			isa = PBXVariantGroup;
			children = (
				36403FAD2716077A00FED773 /* Base */,
			);
			name = LaunchScreen.storyboard;
			sourceTree = "<group>";
		};
/* End PBXVariantGroup section */

/* Begin XCBuildConfiguration section */
		36403FB02716077A00FED773 /* Debug */ = {
			isa = XCBuildConfiguration;
			buildSettings = {
				ALWAYS_SEARCH_USER_PATHS = NO;
				CLANG_ANALYZER_NONNULL = YES;
				CLANG_ANALYZER_NUMBER_OBJECT_CONVERSION = YES_AGGRESSIVE;
				CLANG_CXX_LANGUAGE_STANDARD = "gnu++14";
				CLANG_CXX_LIBRARY = "libc++";
				CLANG_ENABLE_MODULES = YES;
				CLANG_ENABLE_OBJC_ARC = YES;
				CLANG_ENABLE_OBJC_WEAK = YES;
				CLANG_WARN_BLOCK_CAPTURE_AUTORELEASING = YES;
				CLANG_WARN_BOOL_CONVERSION = YES;
				CLANG_WARN_COMMA = YES;
				CLANG_WARN_CONSTANT_CONVERSION = YES;
				CLANG_WARN_DEPRECATED_OBJC_IMPLEMENTATIONS = YES;
				CLANG_WARN_DIRECT_OBJC_ISA_USAGE = YES_ERROR;
				CLANG_WARN_DOCUMENTATION_COMMENTS = YES;
				CLANG_WARN_EMPTY_BODY = YES;
				CLANG_WARN_ENUM_CONVERSION = YES;
				CLANG_WARN_INFINITE_RECURSION = YES;
				CLANG_WARN_INT_CONVERSION = YES;
				CLANG_WARN_NON_LITERAL_NULL_CONVERSION = YES;
				CLANG_WARN_OBJC_IMPLICIT_RETAIN_SELF = YES;
				CLANG_WARN_OBJC_LITERAL_CONVERSION = YES;
				CLANG_WARN_OBJC_ROOT_CLASS = YES_ERROR;
				CLANG_WARN_QUOTED_INCLUDE_IN_FRAMEWORK_HEADER = YES;
				CLANG_WARN_RANGE_LOOP_ANALYSIS = YES;
				CLANG_WARN_STRICT_PROTOTYPES = YES;
				CLANG_WARN_SUSPICIOUS_MOVE = YES;
				CLANG_WARN_UNGUARDED_AVAILABILITY = YES_AGGRESSIVE;
				CLANG_WARN_UNREACHABLE_CODE = YES;
				CLANG_WARN__DUPLICATE_METHOD_MATCH = YES;
				COPY_PHASE_STRIP = NO;
				DEBUG_INFORMATION_FORMAT = dwarf;
				ENABLE_STRICT_OBJC_MSGSEND = YES;
				ENABLE_TESTABILITY = YES;
				GCC_C_LANGUAGE_STANDARD = gnu11;
				GCC_DYNAMIC_NO_PIC = NO;
				GCC_NO_COMMON_BLOCKS = YES;
				GCC_OPTIMIZATION_LEVEL = 0;
				GCC_PREPROCESSOR_DEFINITIONS = (
					"DEBUG=1",
					"$(inherited)",
				);
				GCC_WARN_64_TO_32_BIT_CONVERSION = YES;
				GCC_WARN_ABOUT_RETURN_TYPE = YES_ERROR;
				GCC_WARN_UNDECLARED_SELECTOR = YES;
				GCC_WARN_UNINITIALIZED_AUTOS = YES_AGGRESSIVE;
				GCC_WARN_UNUSED_FUNCTION = YES;
				GCC_WARN_UNUSED_VARIABLE = YES;
				IPHONEOS_DEPLOYMENT_TARGET = 14.5;
				MTL_ENABLE_DEBUG_INFO = INCLUDE_SOURCE;
				MTL_FAST_MATH = YES;
				ONLY_ACTIVE_ARCH = YES;
				SDKROOT = iphoneos;
				SWIFT_ACTIVE_COMPILATION_CONDITIONS = DEBUG;
				SWIFT_OPTIMIZATION_LEVEL = "-Onone";
			};
			name = Debug;
		};
		36403FB12716077A00FED773 /* Release */ = {
			isa = XCBuildConfiguration;
			buildSettings = {
				ALWAYS_SEARCH_USER_PATHS = NO;
				CLANG_ANALYZER_NONNULL = YES;
				CLANG_ANALYZER_NUMBER_OBJECT_CONVERSION = YES_AGGRESSIVE;
				CLANG_CXX_LANGUAGE_STANDARD = "gnu++14";
				CLANG_CXX_LIBRARY = "libc++";
				CLANG_ENABLE_MODULES = YES;
				CLANG_ENABLE_OBJC_ARC = YES;
				CLANG_ENABLE_OBJC_WEAK = YES;
				CLANG_WARN_BLOCK_CAPTURE_AUTORELEASING = YES;
				CLANG_WARN_BOOL_CONVERSION = YES;
				CLANG_WARN_COMMA = YES;
				CLANG_WARN_CONSTANT_CONVERSION = YES;
				CLANG_WARN_DEPRECATED_OBJC_IMPLEMENTATIONS = YES;
				CLANG_WARN_DIRECT_OBJC_ISA_USAGE = YES_ERROR;
				CLANG_WARN_DOCUMENTATION_COMMENTS = YES;
				CLANG_WARN_EMPTY_BODY = YES;
				CLANG_WARN_ENUM_CONVERSION = YES;
				CLANG_WARN_INFINITE_RECURSION = YES;
				CLANG_WARN_INT_CONVERSION = YES;
				CLANG_WARN_NON_LITERAL_NULL_CONVERSION = YES;
				CLANG_WARN_OBJC_IMPLICIT_RETAIN_SELF = YES;
				CLANG_WARN_OBJC_LITERAL_CONVERSION = YES;
				CLANG_WARN_OBJC_ROOT_CLASS = YES_ERROR;
				CLANG_WARN_QUOTED_INCLUDE_IN_FRAMEWORK_HEADER = YES;
				CLANG_WARN_RANGE_LOOP_ANALYSIS = YES;
				CLANG_WARN_STRICT_PROTOTYPES = YES;
				CLANG_WARN_SUSPICIOUS_MOVE = YES;
				CLANG_WARN_UNGUARDED_AVAILABILITY = YES_AGGRESSIVE;
				CLANG_WARN_UNREACHABLE_CODE = YES;
				CLANG_WARN__DUPLICATE_METHOD_MATCH = YES;
				COPY_PHASE_STRIP = NO;
				DEBUG_INFORMATION_FORMAT = "dwarf-with-dsym";
				ENABLE_NS_ASSERTIONS = NO;
				ENABLE_STRICT_OBJC_MSGSEND = YES;
				GCC_C_LANGUAGE_STANDARD = gnu11;
				GCC_NO_COMMON_BLOCKS = YES;
				GCC_WARN_64_TO_32_BIT_CONVERSION = YES;
				GCC_WARN_ABOUT_RETURN_TYPE = YES_ERROR;
				GCC_WARN_UNDECLARED_SELECTOR = YES;
				GCC_WARN_UNINITIALIZED_AUTOS = YES_AGGRESSIVE;
				GCC_WARN_UNUSED_FUNCTION = YES;
				GCC_WARN_UNUSED_VARIABLE = YES;
				IPHONEOS_DEPLOYMENT_TARGET = 14.5;
				MTL_ENABLE_DEBUG_INFO = NO;
				MTL_FAST_MATH = YES;
				SDKROOT = iphoneos;
				SWIFT_COMPILATION_MODE = wholemodule;
				SWIFT_OPTIMIZATION_LEVEL = "-O";
				VALIDATE_PRODUCT = YES;
			};
			name = Release;
		};
		36403FB32716077A00FED773 /* Debug */ = {
			isa = XCBuildConfiguration;
			buildSettings = {
				ASSETCATALOG_COMPILER_APPICON_NAME = AppIcon;
				ASSETCATALOG_COMPILER_GLOBAL_ACCENT_COLOR_NAME = AccentColor;
				CODE_SIGN_STYLE = Automatic;
				INFOPLIST_FILE = Blockchain/Info.plist;
				LD_RUNPATH_SEARCH_PATHS = (
					"$(inherited)",
					"@executable_path/Frameworks",
				);
				PRODUCT_BUNDLE_IDENTIFIER = arseni.Blockchain;
				PRODUCT_NAME = "$(TARGET_NAME)";
				SWIFT_VERSION = 5.0;
				TARGETED_DEVICE_FAMILY = "1,2";
			};
			name = Debug;
		};
		36403FB42716077A00FED773 /* Release */ = {
			isa = XCBuildConfiguration;
			buildSettings = {
				ASSETCATALOG_COMPILER_APPICON_NAME = AppIcon;
				ASSETCATALOG_COMPILER_GLOBAL_ACCENT_COLOR_NAME = AccentColor;
				CODE_SIGN_STYLE = Automatic;
				INFOPLIST_FILE = Blockchain/Info.plist;
				LD_RUNPATH_SEARCH_PATHS = (
					"$(inherited)",
					"@executable_path/Frameworks",
				);
				PRODUCT_BUNDLE_IDENTIFIER = arseni.Blockchain;
				PRODUCT_NAME = "$(TARGET_NAME)";
				SWIFT_VERSION = 5.0;
				TARGETED_DEVICE_FAMILY = "1,2";
			};
			name = Release;
		};
/* End XCBuildConfiguration section */

/* Begin XCConfigurationList section */
		36403F992716077900FED773 /* Build configuration list for PBXProject "Blockchain" */ = {
			isa = XCConfigurationList;
			buildConfigurations = (
				36403FB02716077A00FED773 /* Debug */,
				36403FB12716077A00FED773 /* Release */,
			);
			defaultConfigurationIsVisible = 0;
			defaultConfigurationName = Release;
		};
		36403FB22716077A00FED773 /* Build configuration list for PBXNativeTarget "Blockchain" */ = {
			isa = XCConfigurationList;
			buildConfigurations = (
				36403FB32716077A00FED773 /* Debug */,
				36403FB42716077A00FED773 /* Release */,
			);
			defaultConfigurationIsVisible = 0;
			defaultConfigurationName = Release;
		};
/* End XCConfigurationList section */

/* Begin XCRemoteSwiftPackageReference section */
		36A66B63271776BD00BA118E /* XCRemoteSwiftPackageReference "Kitura-net" */ = {
			isa = XCRemoteSwiftPackageReference;
			repositoryURL = "https://github.com/Kitura/Kitura-net";
			requirement = {
				kind = upToNextMajorVersion;
				minimumVersion = 3.0.1;
			};
		};
/* End XCRemoteSwiftPackageReference section */

/* Begin XCSwiftPackageProductDependency section */
		36A66B64271776BD00BA118E /* KituraNet */ = {
			isa = XCSwiftPackageProductDependency;
			package = 36A66B63271776BD00BA118E /* XCRemoteSwiftPackageReference "Kitura-net" */;
			productName = KituraNet;
		};
/* End XCSwiftPackageProductDependency section */
	};
	rootObject = 36403F962716077900FED773 /* Project object */;
}
